// !$*UTF8*$!
{
	archiveVersion = 1;
	classes = {
	};
	objectVersion = 46;
	objects = {

/* Begin PBXBuildFile section */
		CEFFF81E1BBA9F21003F7368 /* main.m in Sources */ = {isa = PBXBuildFile; fileRef = CEFFF81D1BBA9F21003F7368 /* main.m */; };
		CEFFF8211BBA9F21003F7368 /* AppDelegate.m in Sources */ = {isa = PBXBuildFile; fileRef = CEFFF8201BBA9F21003F7368 /* AppDelegate.m */; };
		CEFFF8271BBA9F21003F7368 /* Main.storyboard in Resources */ = {isa = PBXBuildFile; fileRef = CEFFF8251BBA9F21003F7368 /* Main.storyboard */; };
		CEFFF8291BBA9F21003F7368 /* Images.xcassets in Resources */ = {isa = PBXBuildFile; fileRef = CEFFF8281BBA9F21003F7368 /* Images.xcassets */; };
		CEFFF82C1BBA9F21003F7368 /* LaunchScreen.xib in Resources */ = {isa = PBXBuildFile; fileRef = CEFFF82A1BBA9F21003F7368 /* LaunchScreen.xib */; };
		CEFFF8381BBA9F21003F7368 /* TinderAnimationTests.m in Sources */ = {isa = PBXBuildFile; fileRef = CEFFF8371BBA9F21003F7368 /* TinderAnimationTests.m */; };
		CEFFF8491BBA9F61003F7368 /* ViewController.m in Sources */ = {isa = PBXBuildFile; fileRef = CEFFF8421BBA9F61003F7368 /* ViewController.m */; };
		CEFFF84A1BBA9F61003F7368 /* EditInfo.m in Sources */ = {isa = PBXBuildFile; fileRef = CEFFF8441BBA9F61003F7368 /* EditInfo.m */; };
		CEFFF84B1BBA9F61003F7368 /* CollectionCell.m in Sources */ = {isa = PBXBuildFile; fileRef = CEFFF8461BBA9F61003F7368 /* CollectionCell.m */; };
		CEFFF84C1BBA9F61003F7368 /* CustomLayout.m in Sources */ = {isa = PBXBuildFile; fileRef = CEFFF8481BBA9F61003F7368 /* CustomLayout.m */; };
		CEFFF8511BBAA025003F7368 /* LXReorderableCollectionViewFlowLayout.m in Sources */ = {isa = PBXBuildFile; fileRef = CEFFF8501BBAA025003F7368 /* LXReorderableCollectionViewFlowLayout.m */; };
/* End PBXBuildFile section */

/* Begin PBXContainerItemProxy section */
		CEFFF8321BBA9F21003F7368 /* PBXContainerItemProxy */ = {
			isa = PBXContainerItemProxy;
			containerPortal = CEFFF8101BBA9F21003F7368 /* Project object */;
			proxyType = 1;
			remoteGlobalIDString = CEFFF8171BBA9F21003F7368;
			remoteInfo = TinderAnimation;
		};
/* End PBXContainerItemProxy section */

/* Begin PBXFileReference section */
		CEFFF8181BBA9F21003F7368 /* TinderAnimation.app */ = {isa = PBXFileReference; explicitFileType = wrapper.application; includeInIndex = 0; path = TinderAnimation.app; sourceTree = BUILT_PRODUCTS_DIR; };
		CEFFF81C1BBA9F21003F7368 /* Info.plist */ = {isa = PBXFileReference; lastKnownFileType = text.plist.xml; path = Info.plist; sourceTree = "<group>"; };
		CEFFF81D1BBA9F21003F7368 /* main.m */ = {isa = PBXFileReference; lastKnownFileType = sourcecode.c.objc; path = main.m; sourceTree = "<group>"; };
		CEFFF81F1BBA9F21003F7368 /* AppDelegate.h */ = {isa = PBXFileReference; lastKnownFileType = sourcecode.c.h; path = AppDelegate.h; sourceTree = "<group>"; };
		CEFFF8201BBA9F21003F7368 /* AppDelegate.m */ = {isa = PBXFileReference; lastKnownFileType = sourcecode.c.objc; path = AppDelegate.m; sourceTree = "<group>"; };
		CEFFF8261BBA9F21003F7368 /* Base */ = {isa = PBXFileReference; lastKnownFileType = file.storyboard; name = Base; path = Base.lproj/Main.storyboard; sourceTree = "<group>"; };
		CEFFF8281BBA9F21003F7368 /* Images.xcassets */ = {isa = PBXFileReference; lastKnownFileType = folder.assetcatalog; path = Images.xcassets; sourceTree = "<group>"; };
		CEFFF82B1BBA9F21003F7368 /* Base */ = {isa = PBXFileReference; lastKnownFileType = file.xib; name = Base; path = Base.lproj/LaunchScreen.xib; sourceTree = "<group>"; };
		CEFFF8311BBA9F21003F7368 /* TinderAnimationTests.xctest */ = {isa = PBXFileReference; explicitFileType = wrapper.cfbundle; includeInIndex = 0; path = TinderAnimationTests.xctest; sourceTree = BUILT_PRODUCTS_DIR; };
		CEFFF8361BBA9F21003F7368 /* Info.plist */ = {isa = PBXFileReference; lastKnownFileType = text.plist.xml; path = Info.plist; sourceTree = "<group>"; };
		CEFFF8371BBA9F21003F7368 /* TinderAnimationTests.m */ = {isa = PBXFileReference; lastKnownFileType = sourcecode.c.objc; path = TinderAnimationTests.m; sourceTree = "<group>"; };
		CEFFF8411BBA9F61003F7368 /* ViewController.h */ = {isa = PBXFileReference; fileEncoding = 4; lastKnownFileType = sourcecode.c.h; path = ViewController.h; sourceTree = "<group>"; };
		CEFFF8421BBA9F61003F7368 /* ViewController.m */ = {isa = PBXFileReference; fileEncoding = 4; lastKnownFileType = sourcecode.c.objc; path = ViewController.m; sourceTree = "<group>"; };
		CEFFF8431BBA9F61003F7368 /* EditInfo.h */ = {isa = PBXFileReference; fileEncoding = 4; lastKnownFileType = sourcecode.c.h; path = EditInfo.h; sourceTree = "<group>"; };
		CEFFF8441BBA9F61003F7368 /* EditInfo.m */ = {isa = PBXFileReference; fileEncoding = 4; lastKnownFileType = sourcecode.c.objc; path = EditInfo.m; sourceTree = "<group>"; };
		CEFFF8451BBA9F61003F7368 /* CollectionCell.h */ = {isa = PBXFileReference; fileEncoding = 4; lastKnownFileType = sourcecode.c.h; path = CollectionCell.h; sourceTree = "<group>"; };
		CEFFF8461BBA9F61003F7368 /* CollectionCell.m */ = {isa = PBXFileReference; fileEncoding = 4; lastKnownFileType = sourcecode.c.objc; path = CollectionCell.m; sourceTree = "<group>"; };
		CEFFF8471BBA9F61003F7368 /* CustomLayout.h */ = {isa = PBXFileReference; fileEncoding = 4; lastKnownFileType = sourcecode.c.h; path = CustomLayout.h; sourceTree = "<group>"; };
		CEFFF8481BBA9F61003F7368 /* CustomLayout.m */ = {isa = PBXFileReference; fileEncoding = 4; lastKnownFileType = sourcecode.c.objc; path = CustomLayout.m; sourceTree = "<group>"; };
		CEFFF84F1BBAA025003F7368 /* LXReorderableCollectionViewFlowLayout.h */ = {isa = PBXFileReference; fileEncoding = 4; lastKnownFileType = sourcecode.c.h; path = LXReorderableCollectionViewFlowLayout.h; sourceTree = "<group>"; };
		CEFFF8501BBAA025003F7368 /* LXReorderableCollectionViewFlowLayout.m */ = {isa = PBXFileReference; fileEncoding = 4; lastKnownFileType = sourcecode.c.objc; path = LXReorderableCollectionViewFlowLayout.m; sourceTree = "<group>"; };
/* End PBXFileReference section */

/* Begin PBXFrameworksBuildPhase section */
		CEFFF8151BBA9F21003F7368 /* Frameworks */ = {
			isa = PBXFrameworksBuildPhase;
			buildActionMask = 2147483647;
			files = (
			);
			runOnlyForDeploymentPostprocessing = 0;
		};
		CEFFF82E1BBA9F21003F7368 /* Frameworks */ = {
			isa = PBXFrameworksBuildPhase;
			buildActionMask = 2147483647;
			files = (
			);
			runOnlyForDeploymentPostprocessing = 0;
		};
/* End PBXFrameworksBuildPhase section */

/* Begin PBXGroup section */
		CEFFF80F1BBA9F21003F7368 = {
			isa = PBXGroup;
			children = (
				CEFFF81A1BBA9F21003F7368 /* TinderAnimation */,
				CEFFF8341BBA9F21003F7368 /* TinderAnimationTests */,
				CEFFF8191BBA9F21003F7368 /* Products */,
			);
			sourceTree = "<group>";
		};
		CEFFF8191BBA9F21003F7368 /* Products */ = {
			isa = PBXGroup;
			children = (
				CEFFF8181BBA9F21003F7368 /* TinderAnimation.app */,
				CEFFF8311BBA9F21003F7368 /* TinderAnimationTests.xctest */,
			);
			name = Products;
			sourceTree = "<group>";
		};
		CEFFF81A1BBA9F21003F7368 /* TinderAnimation */ = {
			isa = PBXGroup;
			children = (
				CEFFF81F1BBA9F21003F7368 /* AppDelegate.h */,
				CEFFF8201BBA9F21003F7368 /* AppDelegate.m */,
				CEFFF84F1BBAA025003F7368 /* LXReorderableCollectionViewFlowLayout.h */,
				CEFFF8501BBAA025003F7368 /* LXReorderableCollectionViewFlowLayout.m */,
				CEFFF84D1BBA9F68003F7368 /* Controllers */,
				CEFFF8251BBA9F21003F7368 /* Main.storyboard */,
				CEFFF8281BBA9F21003F7368 /* Images.xcassets */,
				CEFFF82A1BBA9F21003F7368 /* LaunchScreen.xib */,
				CEFFF81B1BBA9F21003F7368 /* Supporting Files */,
			);
			path = TinderAnimation;
			sourceTree = "<group>";
		};
		CEFFF81B1BBA9F21003F7368 /* Supporting Files */ = {
			isa = PBXGroup;
			children = (
				CEFFF81C1BBA9F21003F7368 /* Info.plist */,
				CEFFF81D1BBA9F21003F7368 /* main.m */,
			);
			name = "Supporting Files";
			sourceTree = "<group>";
		};
		CEFFF8341BBA9F21003F7368 /* TinderAnimationTests */ = {
			isa = PBXGroup;
			children = (
				CEFFF8371BBA9F21003F7368 /* TinderAnimationTests.m */,
				CEFFF8351BBA9F21003F7368 /* Supporting Files */,
			);
			path = TinderAnimationTests;
			sourceTree = "<group>";
		};
		CEFFF8351BBA9F21003F7368 /* Supporting Files */ = {
			isa = PBXGroup;
			children = (
				CEFFF8361BBA9F21003F7368 /* Info.plist */,
			);
			name = "Supporting Files";
			sourceTree = "<group>";
		};
		CEFFF84D1BBA9F68003F7368 /* Controllers */ = {
			isa = PBXGroup;
			children = (
				CEFFF8411BBA9F61003F7368 /* ViewController.h */,
				CEFFF8421BBA9F61003F7368 /* ViewController.m */,
				CEFFF8431BBA9F61003F7368 /* EditInfo.h */,
				CEFFF8441BBA9F61003F7368 /* EditInfo.m */,
				CEFFF84E1BBA9F7E003F7368 /* customCell */,
			);
			name = Controllers;
			sourceTree = "<group>";
		};
		CEFFF84E1BBA9F7E003F7368 /* customCell */ = {
			isa = PBXGroup;
			children = (
				CEFFF8451BBA9F61003F7368 /* CollectionCell.h */,
				CEFFF8461BBA9F61003F7368 /* CollectionCell.m */,
				CEFFF8471BBA9F61003F7368 /* CustomLayout.h */,
				CEFFF8481BBA9F61003F7368 /* CustomLayout.m */,
			);
			name = customCell;
			sourceTree = "<group>";
		};
/* End PBXGroup section */

/* Begin PBXNativeTarget section */
		CEFFF8171BBA9F21003F7368 /* TinderAnimation */ = {
			isa = PBXNativeTarget;
			buildConfigurationList = CEFFF83B1BBA9F21003F7368 /* Build configuration list for PBXNativeTarget "TinderAnimation" */;
			buildPhases = (
				CEFFF8141BBA9F21003F7368 /* Sources */,
				CEFFF8151BBA9F21003F7368 /* Frameworks */,
				CEFFF8161BBA9F21003F7368 /* Resources */,
			);
			buildRules = (
			);
			dependencies = (
			);
			name = TinderAnimation;
			productName = TinderAnimation;
			productReference = CEFFF8181BBA9F21003F7368 /* TinderAnimation.app */;
			productType = "com.apple.product-type.application";
		};
		CEFFF8301BBA9F21003F7368 /* TinderAnimationTests */ = {
			isa = PBXNativeTarget;
			buildConfigurationList = CEFFF83E1BBA9F21003F7368 /* Build configuration list for PBXNativeTarget "TinderAnimationTests" */;
			buildPhases = (
				CEFFF82D1BBA9F21003F7368 /* Sources */,
				CEFFF82E1BBA9F21003F7368 /* Frameworks */,
				CEFFF82F1BBA9F21003F7368 /* Resources */,
			);
			buildRules = (
			);
			dependencies = (
				CEFFF8331BBA9F21003F7368 /* PBXTargetDependency */,
			);
			name = TinderAnimationTests;
			productName = TinderAnimationTests;
			productReference = CEFFF8311BBA9F21003F7368 /* TinderAnimationTests.xctest */;
			productType = "com.apple.product-type.bundle.unit-test";
		};
/* End PBXNativeTarget section */

/* Begin PBXProject section */
		CEFFF8101BBA9F21003F7368 /* Project object */ = {
			isa = PBXProject;
			attributes = {
				LastUpgradeCheck = 0640;
				ORGANIZATIONNAME = "Gagandeep Kaur ";
				TargetAttributes = {
					CEFFF8171BBA9F21003F7368 = {
						CreatedOnToolsVersion = 6.4;
					};
					CEFFF8301BBA9F21003F7368 = {
						CreatedOnToolsVersion = 6.4;
						TestTargetID = CEFFF8171BBA9F21003F7368;
					};
				};
			};
			buildConfigurationList = CEFFF8131BBA9F21003F7368 /* Build configuration list for PBXProject "TinderAnimation" */;
			compatibilityVersion = "Xcode 3.2";
			developmentRegion = English;
			hasScannedForEncodings = 0;
			knownRegions = (
				en,
				Base,
			);
			mainGroup = CEFFF80F1BBA9F21003F7368;
			productRefGroup = CEFFF8191BBA9F21003F7368 /* Products */;
			projectDirPath = "";
			projectRoot = "";
			targets = (
				CEFFF8171BBA9F21003F7368 /* TinderAnimation */,
				CEFFF8301BBA9F21003F7368 /* TinderAnimationTests */,
			);
		};
/* End PBXProject section */

/* Begin PBXResourcesBuildPhase section */
		CEFFF8161BBA9F21003F7368 /* Resources */ = {
			isa = PBXResourcesBuildPhase;
			buildActionMask = 2147483647;
			files = (
				CEFFF8271BBA9F21003F7368 /* Main.storyboard in Resources */,
				CEFFF82C1BBA9F21003F7368 /* LaunchScreen.xib in Resources */,
				CEFFF8291BBA9F21003F7368 /* Images.xcassets in Resources */,
			);
			runOnlyForDeploymentPostprocessing = 0;
		};
		CEFFF82F1BBA9F21003F7368 /* Resources */ = {
			isa = PBXResourcesBuildPhase;
			buildActionMask = 2147483647;
			files = (
			);
			runOnlyForDeploymentPostprocessing = 0;
		};
/* End PBXResourcesBuildPhase section */

/* Begin PBXSourcesBuildPhase section */
		CEFFF8141BBA9F21003F7368 /* Sources */ = {
			isa = PBXSourcesBuildPhase;
			buildActionMask = 2147483647;
			files = (
				CEFFF84C1BBA9F61003F7368 /* CustomLayout.m in Sources */,
				CEFFF8491BBA9F61003F7368 /* ViewController.m in Sources */,
				CEFFF84B1BBA9F61003F7368 /* CollectionCell.m in Sources */,
				CEFFF8511BBAA025003F7368 /* LXReorderableCollectionViewFlowLayout.m in Sources */,
				CEFFF8211BBA9F21003F7368 /* AppDelegate.m in Sources */,
				CEFFF81E1BBA9F21003F7368 /* main.m in Sources */,
				CEFFF84A1BBA9F61003F7368 /* EditInfo.m in Sources */,
			);
			runOnlyForDeploymentPostprocessing = 0;
		};
		CEFFF82D1BBA9F21003F7368 /* Sources */ = {
			isa = PBXSourcesBuildPhase;
			buildActionMask = 2147483647;
			files = (
				CEFFF8381BBA9F21003F7368 /* TinderAnimationTests.m in Sources */,
			);
			runOnlyForDeploymentPostprocessing = 0;
		};
/* End PBXSourcesBuildPhase section */

/* Begin PBXTargetDependency section */
		CEFFF8331BBA9F21003F7368 /* PBXTargetDependency */ = {
			isa = PBXTargetDependency;
			target = CEFFF8171BBA9F21003F7368 /* TinderAnimation */;
			targetProxy = CEFFF8321BBA9F21003F7368 /* PBXContainerItemProxy */;
		};
/* End PBXTargetDependency section */

/* Begin PBXVariantGroup section */
		CEFFF8251BBA9F21003F7368 /* Main.storyboard */ = {
			isa = PBXVariantGroup;
			children = (
				CEFFF8261BBA9F21003F7368 /* Base */,
			);
			name = Main.storyboard;
			sourceTree = "<group>";
		};
		CEFFF82A1BBA9F21003F7368 /* LaunchScreen.xib */ = {
			isa = PBXVariantGroup;
			children = (
				CEFFF82B1BBA9F21003F7368 /* Base */,
			);
			name = LaunchScreen.xib;
			sourceTree = "<group>";
		};
/* End PBXVariantGroup section */

/* Begin XCBuildConfiguration section */
		CEFFF8391BBA9F21003F7368 /* Debug */ = {
			isa = XCBuildConfiguration;
			buildSettings = {
				ALWAYS_SEARCH_USER_PATHS = NO;
				CLANG_CXX_LANGUAGE_STANDARD = "gnu++0x";
				CLANG_CXX_LIBRARY = "libc++";
				CLANG_ENABLE_MODULES = YES;
				CLANG_ENABLE_OBJC_ARC = YES;
				CLANG_WARN_BOOL_CONVERSION = YES;
				CLANG_WARN_CONSTANT_CONVERSION = YES;
				CLANG_WARN_DIRECT_OBJC_ISA_USAGE = YES_ERROR;
				CLANG_WARN_EMPTY_BODY = YES;
				CLANG_WARN_ENUM_CONVERSION = YES;
				CLANG_WARN_INT_CONVERSION = YES;
				CLANG_WARN_OBJC_ROOT_CLASS = YES_ERROR;
				CLANG_WARN_UNREACHABLE_CODE = YES;
				CLANG_WARN__DUPLICATE_METHOD_MATCH = YES;
				"CODE_SIGN_IDENTITY[sdk=iphoneos*]" = "iPhone Developer";
				COPY_PHASE_STRIP = NO;
				DEBUG_INFORMATION_FORMAT = "dwarf-with-dsym";
				ENABLE_STRICT_OBJC_MSGSEND = YES;
				GCC_C_LANGUAGE_STANDARD = gnu99;
				GCC_DYNAMIC_NO_PIC = NO;
				GCC_NO_COMMON_BLOCKS = YES;
				GCC_OPTIMIZATION_LEVEL = 0;
				GCC_PREPROCESSOR_DEFINITIONS = (
					"DEBUG=1",
					"$(inherited)",
				);
				GCC_SYMBOLS_PRIVATE_EXTERN = NO;
				GCC_WARN_64_TO_32_BIT_CONVERSION = YES;
				GCC_WARN_ABOUT_RETURN_TYPE = YES_ERROR;
				GCC_WARN_UNDECLARED_SELECTOR = YES;
				GCC_WARN_UNINITIALIZED_AUTOS = YES_AGGRESSIVE;
				GCC_WARN_UNUSED_FUNCTION = YES;
				GCC_WARN_UNUSED_VARIABLE = YES;
				IPHONEOS_DEPLOYMENT_TARGET = 8.4;
				MTL_ENABLE_DEBUG_INFO = YES;
				ONLY_ACTIVE_ARCH = YES;
				SDKROOT = iphoneos;
				TARGETED_DEVICE_FAMILY = "1,2";
			};
			name = Debug;
		};
		CEFFF83A1BBA9F21003F7368 /* Release */ = {
			isa = XCBuildConfiguration;
			buildSettings = {
				ALWAYS_SEARCH_USER_PATHS = NO;
				CLANG_CXX_LANGUAGE_STANDARD = "gnu++0x";
				CLANG_CXX_LIBRARY = "libc++";
				CLANG_ENABLE_MODULES = YES;
				CLANG_ENABLE_OBJC_ARC = YES;
				CLANG_WARN_BOOL_CONVERSION = YES;
				CLANG_WARN_CONSTANT_CONVERSION = YES;
				CLANG_WARN_DIRECT_OBJC_ISA_USAGE = YES_ERROR;
				CLANG_WARN_EMPTY_BODY = YES;
				CLANG_WARN_ENUM_CONVERSION = YES;
				CLANG_WARN_INT_CONVERSION = YES;
				CLANG_WARN_OBJC_ROOT_CLASS = YES_ERROR;
				CLANG_WARN_UNREACHABLE_CODE = YES;
				CLANG_WARN__DUPLICATE_METHOD_MATCH = YES;
				"CODE_SIGN_IDENTITY[sdk=iphoneos*]" = "iPhone Developer";
				COPY_PHASE_STRIP = NO;
				DEBUG_INFORMATION_FORMAT = "dwarf-with-dsym";
				ENABLE_NS_ASSERTIONS = NO;
				ENABLE_STRICT_OBJC_MSGSEND = YES;
				GCC_C_LANGUAGE_STANDARD = gnu99;
				GCC_NO_COMMON_BLOCKS = YES;
				GCC_WARN_64_TO_32_BIT_CONVERSION = YES;
				GCC_WARN_ABOUT_RETURN_TYPE = YES_ERROR;
				GCC_WARN_UNDECLARED_SELECTOR = YES;
				GCC_WARN_UNINITIALIZED_AUTOS = YES_AGGRESSIVE;
				GCC_WARN_UNUSED_FUNCTION = YES;
				GCC_WARN_UNUSED_VARIABLE = YES;
				IPHONEOS_DEPLOYMENT_TARGET = 8.4;
				MTL_ENABLE_DEBUG_INFO = NO;
				SDKROOT = iphoneos;
				TARGETED_DEVICE_FAMILY = "1,2";
				VALIDATE_PRODUCT = YES;
			};
			name = Release;
		};
		CEFFF83C1BBA9F21003F7368 /* Debug */ = {
			isa = XCBuildConfiguration;
			buildSettings = {
				ASSETCATALOG_COMPILER_APPICON_NAME = AppIcon;
				INFOPLIST_FILE = TinderAnimation/Info.plist;
				LD_RUNPATH_SEARCH_PATHS = "$(inherited) @executable_path/Frameworks";
				PRODUCT_NAME = "$(TARGET_NAME)";
			};
			name = Debug;
		};
		CEFFF83D1BBA9F21003F7368 /* Release */ = {
			isa = XCBuildConfiguration;
			buildSettings = {
				ASSETCATALOG_COMPILER_APPICON_NAME = AppIcon;
				INFOPLIST_FILE = TinderAnimation/Info.plist;
				LD_RUNPATH_SEARCH_PATHS = "$(inherited) @executable_path/Frameworks";
				PRODUCT_NAME = "$(TARGET_NAME)";
			};
			name = Release;
		};
		CEFFF83F1BBA9F21003F7368 /* Debug */ = {
			isa = XCBuildConfiguration;
			buildSettings = {
				BUNDLE_LOADER = "$(TEST_HOST)";
				FRAMEWORK_SEARCH_PATHS = (
					"$(SDKROOT)/Developer/Library/Frameworks",
					"$(inherited)",
				);
				GCC_PREPROCESSOR_DEFINITIONS = (
					"DEBUG=1",
					"$(inherited)",
				);
				INFOPLIST_FILE = TinderAnimationTests/Info.plist;
				LD_RUNPATH_SEARCH_PATHS = "$(inherited) @executable_path/Frameworks @loader_path/Frameworks";
				PRODUCT_NAME = "$(TARGET_NAME)";
				TEST_HOST = "$(BUILT_PRODUCTS_DIR)/TinderAnimation.app/TinderAnimation";
			};
			name = Debug;
		};
		CEFFF8401BBA9F21003F7368 /* Release */ = {
			isa = XCBuildConfiguration;
			buildSettings = {
				BUNDLE_LOADER = "$(TEST_HOST)";
				FRAMEWORK_SEARCH_PATHS = (
					"$(SDKROOT)/Developer/Library/Frameworks",
					"$(inherited)",
				);
				INFOPLIST_FILE = TinderAnimationTests/Info.plist;
				LD_RUNPATH_SEARCH_PATHS = "$(inherited) @executable_path/Frameworks @loader_path/Frameworks";
				PRODUCT_NAME = "$(TARGET_NAME)";
				TEST_HOST = "$(BUILT_PRODUCTS_DIR)/TinderAnimation.app/TinderAnimation";
			};
			name = Release;
		};
/* End XCBuildConfiguration section */

/* Begin XCConfigurationList section */
		CEFFF8131BBA9F21003F7368 /* Build configuration list for PBXProject "TinderAnimation" */ = {
			isa = XCConfigurationList;
			buildConfigurations = (
				CEFFF8391BBA9F21003F7368 /* Debug */,
				CEFFF83A1BBA9F21003F7368 /* Release */,
			);
			defaultConfigurationIsVisible = 0;
			defaultConfigurationName = Release;
		};
		CEFFF83B1BBA9F21003F7368 /* Build configuration list for PBXNativeTarget "TinderAnimation" */ = {
			isa = XCConfigurationList;
			buildConfigurations = (
				CEFFF83C1BBA9F21003F7368 /* Debug */,
				CEFFF83D1BBA9F21003F7368 /* Release */,
			);
			defaultConfigurationIsVisible = 0;
		};
		CEFFF83E1BBA9F21003F7368 /* Build configuration list for PBXNativeTarget "TinderAnimationTests" */ = {
			isa = XCConfigurationList;
			buildConfigurations = (
				CEFFF83F1BBA9F21003F7368 /* Debug */,
				CEFFF8401BBA9F21003F7368 /* Release */,
			);
			defaultConfigurationIsVisible = 0;
		};
/* End XCConfigurationList section */
	};
	rootObject = CEFFF8101BBA9F21003F7368 /* Project object */;
}
